lockfileVersion: '9.0'
importers:
  apps/docs:
    dependencies:
      '@lk-design-system/lds-core':
        specifier: 0.1.0-rc.1
        version: 0.1.0-rc.1
      '@lk-design-system/lds-theme':
        specifier: 0.1.0-rc.1
        version: 0.1.0-rc.1
      '@lk-design-system/lds-product':
        specifier: 0.1.0-rc.1
        version: 0.1.0-rc.1
      '@lk-design-system/lds-robotics-ui':
        specifier: 0.1.0-rc.4
        version: 0.1.0-rc.4
